version = 1
revision = 3
requires-python = "==3.14.*"

[[package]]
name = "asdl"
version = "0.1.5"
source = { registry = "https://pypi.org/simple" }
sdist = { url = "https://files.pythonhosted.org/packages/76/5d/c8db2502e56ba60ccab83f60d19dffa418dd0a289dfd6e00a402864ef2b3/asdl-0.1.5.tar.gz", hash = "sha256:33fb0cd20fd08210fb98995b306bf098e4d17fc0b5e59f754c517c4cb0245d9d", size = 10493, upload-time = "2016-04-14T10:01:37.501Z" }

[[package]]
name = "asdl-adt"
version = "0.1.0"
source = { registry = "https://pypi.org/simple" }
dependencies = [
    { name = "asdl" },
    { name = "attrs" },
]
sdist = { url = "https://files.pythonhosted.org/packages/85/39/650c967f30c0ac736d270ff486ab879c655df7c77dbbf43d3f3dfac635ef/asdl-adt-0.1.0.tar.gz", hash = "sha256:c6264ce6ba337a9342098ae60524347155535fdf480f770bb41b4bb6f695f48c", size = 10391, upload-time = "2022-02-14T19:11:27.14Z" }
wheels = [
    { url = "https://files.pythonhosted.org/packages/2e/58/02e8b4c1e2707e1756c4e05c3fc65dc57594d1c20bbe3c63da93fe80088a/asdl_adt-0.1.0-py3-none-any.whl", hash = "sha256:4a9c32958fea0ee248162fb7b1c724a801db7f5eba2724ddff64f317d184a580", size = 6261, upload-time = "2022-02-14T19:11:25.843Z" },
]

[[package]]
name = "attrs"
version = "26.1.0"
source = { registry = "https://pypi.org/simple" }
sdist = { url = "https://files.pythonhosted.org/packages/9a/8e/82a0fe20a541c03148528be8cac2408564a6c9a0cc7e9171802bc1d26985/attrs-26.1.0.tar.gz", hash = "sha256:d03ceb89cb322a8fd706d4fb91940737b6642aa36998fe130a9bc96c985eff32", size = 952055, upload-time = "2026-03-19T14:22:25.026Z" }
wheels = [
    { url = "https://files.pythonhosted.org/packages/64/b4/17d4b0b2a2dc85a6df63d1157e028ed19f90d4cd97c36717afef2bc2f395/attrs-26.1.0-py3-none-any.whl", hash = "sha256:c647aa4a12dfbad9333ca4e71fe62ddc36f4e63b2d260a37a8b83d2f043ac309", size = 67548, upload-time = "2026-03-19T14:22:23.645Z" },
]

[[package]]
name = "build"
version = "1.4.0"
source = { registry = "https://pypi.org/simple" }
dependencies = [
    { name = "colorama", marker = "os_name == 'nt'" },
    { name = "packaging" },
    { name = "pyproject-hooks" },
]
sdist = { url = "https://files.pythonhosted.org/packages/42/18/94eaffda7b329535d91f00fe605ab1f1e5cd68b2074d03f255c7d250687d/build-1.4.0.tar.gz", hash = "sha256:f1b91b925aa322be454f8330c6fb48b465da993d1e7e7e6fa35027ec49f3c936", size = 50054, upload-time = "2026-01-08T16:41:47.696Z" }
wheels = [
    { url = "https://files.pythonhosted.org/packages/c5/0d/84a4380f930db0010168e0aa7b7a8fed9ba1835a8fbb1472bc6d0201d529/build-1.4.0-py3-none-any.whl", hash = "sha256:6a07c1b8eb6f2b311b96fcbdbce5dab5fe637ffda0fd83c9cac622e927501596", size = 24141, upload-time = "2026-01-08T16:41:46.453Z" },
]

[[package]]
name = "colorama"
version = "0.4.6"
source = { registry = "https://pypi.org/simple" }
sdist = { url = "https://files.pythonhosted.org/packages/d8/53/6f443c9a4a8358a93a6792e2acffb9d9d5cb0a5cfd8802644b7b1c9a02e4/colorama-0.4.6.tar.gz", hash = "sha256:08695f5cb7ed6e0531a20572697297273c47b8cae5a63ffc6d6ed5c201be6e44", size = 27697, upload-time = "2022-10-25T02:36:22.414Z" }
wheels = [
    { url = "https://files.pythonhosted.org/packages/d1/d6/3965ed04c63042e047cb6a3e6ed1a63a35087b6a609aa3a15ed8ac56c221/colorama-0.4.6-py2.py3-none-any.whl", hash = "sha256:4f1d9991f5acc0ca119f9d443620b77f9d6b33703e51011c16baf57afb285fc6", size = 25335, upload-time = "2022-10-25T02:36:20.889Z" },
]

[[package]]
name = "exo-lang"
version = "1.0.0"
source = { registry = "https://pypi.org/simple" }
dependencies = [
    { name = "asdl" },
    { name = "asdl-adt" },
    { name = "build" },
    { name = "pysmt" },
    { name = "yapf" },
    { name = "z3-solver" },
]
sdist = { url = "https://files.pythonhosted.org/packages/df/68/8aa21152c1867093b27799d327a2a09150897679d81b753dc1ecf78ee29b/exo_lang-1.0.0.tar.gz", hash = "sha256:18d5216e6c7908d2b7be6c7a3c0206805742937596fb4738522ffa4b88b9a060", size = 265261, upload-time = "2024-11-05T21:05:24.46Z" }
wheels = [
    { url = "https://files.pythonhosted.org/packages/47/cc/4d9b476166e82f580f8a2f34fea02a0bc898282d9493cd5623dc110a14e4/exo_lang-1.0.0-py3-none-any.whl", hash = "sha256:5688f9f260c30c1375a353f9e7a1f80aa4ea679aa147c037c21566a90facf4b3", size = 228347, upload-time = "2024-11-05T21:05:22.983Z" },
]

[[package]]
name = "exonp"
version = "0.1.0"
source = { editable = "." }
dependencies = [
    { name = "exo-lang" },
]

[package.metadata]
requires-dist = [{ name = "exo-lang", specifier = "==1.0.0" }]

[[package]]
name = "packaging"
version = "26.0"
source = { registry = "https://pypi.org/simple" }
sdist = { url = "https://files.pythonhosted.org/packages/65/ee/299d360cdc32edc7d2cf530f3accf79c4fca01e96ffc950d8a52213bd8e4/packaging-26.0.tar.gz", hash = "sha256:00243ae351a257117b6a241061796684b084ed1c516a08c48a3f7e147a9d80b4", size = 143416, upload-time = "2026-01-21T20:50:39.064Z" }
wheels = [
    { url = "https://files.pythonhosted.org/packages/b7/b9/c538f279a4e237a006a2c98387d081e9eb060d203d8ed34467cc0f0b9b53/packaging-26.0-py3-none-any.whl", hash = "sha256:b36f1fef9334a5588b4166f8bcd26a14e521f2b55e6b9de3aaa80d3ff7a37529", size = 74366, upload-time = "2026-01-21T20:50:37.788Z" },
]

[[package]]
name = "platformdirs"
version = "4.9.4"
source = { registry = "https://pypi.org/simple" }
sdist = { url = "https://files.pythonhosted.org/packages/19/56/8d4c30c8a1d07013911a8fdbd8f89440ef9f08d07a1b50ab8ca8be5a20f9/platformdirs-4.9.4.tar.gz", hash = "sha256:1ec356301b7dc906d83f371c8f487070e99d3ccf9e501686456394622a01a934", size = 28737, upload-time = "2026-03-05T18:34:13.271Z" }
wheels = [
    { url = "https://files.pythonhosted.org/packages/63/d7/97f7e3a6abb67d8080dd406fd4df842c2be0efaf712d1c899c32a075027c/platformdirs-4.9.4-py3-none-any.whl", hash = "sha256:68a9a4619a666ea6439f2ff250c12a853cd1cbd5158d258bd824a7df6be2f868", size = 21216, upload-time = "2026-03-05T18:34:12.172Z" },
]

[[package]]
name = "pyproject-hooks"
version = "1.2.0"
source = { registry = "https://pypi.org/simple" }
sdist = { url = "https://files.pythonhosted.org/packages/e7/82/28175b2414effca1cdac8dc99f76d660e7a4fb0ceefa4b4ab8f5f6742925/pyproject_hooks-1.2.0.tar.gz", hash = "sha256:1e859bd5c40fae9448642dd871adf459e5e2084186e8d2c2a79a824c970da1f8", size = 19228, upload-time = "2024-09-29T09:24:13.293Z" }
wheels = [
    { url = "https://files.pythonhosted.org/packages/bd/24/12818598c362d7f300f18e74db45963dbcb85150324092410c8b49405e42/pyproject_hooks-1.2.0-py3-none-any.whl", hash = "sha256:9e5c6bfa8dcc30091c74b0cf803c81fdd29d94f01992a7707bc97babb1141913", size = 10216, upload-time = "2024-09-29T09:24:11.978Z" },
]

[[package]]
name = "pysmt"
version = "0.9.6"
source = { registry = "https://pypi.org/simple" }
sdist = { url = "https://files.pythonhosted.org/packages/48/4d/a972e021606eb56828b339842ec523d164879c4b62dcd2c5e4404355d10e/PySMT-0.9.6.tar.gz", hash = "sha256:e101927b65d66f7929ce9bfc4ad2d1e6914449575807fa37e9c810934c8a5d09", size = 262806, upload-time = "2024-06-24T19:01:57.852Z" }
wheels = [
    { url = "https://files.pythonhosted.org/packages/79/0a/4e0369b2a4ce40a5b2e2bdf09e7be32e39eb0511a9ca7eb3f921d4cc03af/PySMT-0.9.6-py2.py3-none-any.whl", hash = "sha256:41e9afed77d4d21930ee3abfd77b4c28189e579225d8def96e9fab6059a7ffce", size = 326100, upload-time = "2024-06-24T19:01:55.204Z" },
]

[[package]]
name = "yapf"
version = "0.43.0"
source = { registry = "https://pypi.org/simple" }
dependencies = [
    { name = "platformdirs" },
]
sdist = { url = "https://files.pythonhosted.org/packages/23/97/b6f296d1e9cc1ec25c7604178b48532fa5901f721bcf1b8d8148b13e5588/yapf-0.43.0.tar.gz", hash = "sha256:00d3aa24bfedff9420b2e0d5d9f5ab6d9d4268e72afbf59bb3fa542781d5218e", size = 254907, upload-time = "2024-11-14T00:11:41.584Z" }
wheels = [
    { url = "https://files.pythonhosted.org/packages/37/81/6acd6601f61e31cfb8729d3da6d5df966f80f374b78eff83760714487338/yapf-0.43.0-py3-none-any.whl", hash = "sha256:224faffbc39c428cb095818cf6ef5511fdab6f7430a10783fdfb292ccf2852ca", size = 256158, upload-time = "2024-11-14T00:11:39.37Z" },
]

[[package]]
name = "z3-solver"
version = "4.16.0.0"
source = { registry = "https://pypi.org/simple" }
sdist = { url = "https://files.pythonhosted.org/packages/93/3b/2b714c40ef2ecf6d8aa080056b9c24a77fe4ca2c83abd83e9c93d34212ac/z3_solver-4.16.0.0.tar.gz", hash = "sha256:263d9ad668966e832c2b246ba0389298a599637793da2dc01cc5e4ef4b0b6c78", size = 5098891, upload-time = "2026-02-19T04:14:08.818Z" }
wheels = [
    { url = "https://files.pythonhosted.org/packages/2d/5d/9b277a80333db6b85fedd0f5082e311efcbaec47f2c44c57d38953c2d4d9/z3_solver-4.16.0.0-py3-none-macosx_15_0_arm64.whl", hash = "sha256:cc52843cfdd3d3f2cd24bedc62e71c18af8c8b7b23fb05e639ab60b01b5f8f2f", size = 36963251, upload-time = "2026-02-19T04:13:44.303Z" },
    { url = "https://files.pythonhosted.org/packages/1c/c4/fc99aa544930fb7bfcd88947c2788f318acaf1b9704a7a914445e204436a/z3_solver-4.16.0.0-py3-none-macosx_15_0_x86_64.whl", hash = "sha256:e292df40951523e4ecfbc8dee549d93dee00a3fe4ee4833270d19876b713e210", size = 47523873, upload-time = "2026-02-19T04:13:48.154Z" },
    { url = "https://files.pythonhosted.org/packages/f6/e6/98741b086b6e01630a55db1fbda596949f738204aac14ef35e64a9526ccb/z3_solver-4.16.0.0-py3-none-manylinux_2_27_x86_64.whl", hash = "sha256:afae2551f795670f0522cfce82132d129c408a2694adff71eb01ba0f2ece44f9", size = 31741807, upload-time = "2026-02-19T04:13:52.283Z" },
    { url = "https://files.pythonhosted.org/packages/e7/2e/295d467c7c796c01337bff790dbedc28cf279f9d365ed64aa9f8ca6b2ba1/z3_solver-4.16.0.0-py3-none-manylinux_2_38_aarch64.whl", hash = "sha256:358648c3b5ef82b9ec9a25711cf4fc498c7881f03a9f4a2ea6ffa9304ca65d94", size = 27326531, upload-time = "2026-02-19T04:13:55.787Z" },
    { url = "https://files.pythonhosted.org/packages/34/df/29816ce4de24cca3acb007412f9c6fba603e55fcc27ce8c2aade0939057a/z3_solver-4.16.0.0-py3-none-win32.whl", hash = "sha256:cc64c4d41fbebe419fccddb044979c3d95b41214547db65eecdaa67fafef7fe0", size = 13341643, upload-time = "2026-02-19T04:13:58.88Z" },
    { url = "https://files.pythonhosted.org/packages/86/20/cef4f4d70845df24572d005d19995f92b7f527eb2ffb63a3f5f938a0de2e/z3_solver-4.16.0.0-py3-none-win_amd64.whl", hash = "sha256:eb5df383cb6a3d6b7767dbdca348ac71f6f41e82f76c9ac42002a1f55e35f462", size = 16419861, upload-time = "2026-02-19T04:14:03.232Z" },
    { url = "https://files.pythonhosted.org/packages/e1/18/7dc1051093abfd6db56ce9addb63c624bfa31946ccb9cfc9be5e75237a26/z3_solver-4.16.0.0-py3-none-win_arm64.whl", hash = "sha256:28729eae2c89112e37697acce4d4517f5e44c6c54d36fed9cf914b06f380cbd6", size = 15084866, upload-time = "2026-02-19T04:14:06.355Z" },
]
